// !$*UTF8*$!
{
	archiveVersion = 1;
	classes = {
	};
	objectVersion = 46;
	objects = {

/* Begin PBXBuildFile section */
		322207AD1E57189000937996 /* autolink.h in Headers */ = {isa = PBXBuildFile; fileRef = 322206B81E57189000937996 /* autolink.h */; };
		322207AE1E57189000937996 /* config.h in Headers */ = {isa = PBXBuildFile; fileRef = 322206B91E57189000937996 /* config.h */; };
		322207AF1E57189000937996 /* features.h in Headers */ = {isa = PBXBuildFile; fileRef = 322206BA1E57189000937996 /* features.h */; };
		322207B01E57189000937996 /* forwards.h in Headers */ = {isa = PBXBuildFile; fileRef = 322206BB1E57189000937996 /* forwards.h */; };
		322207B11E57189000937996 /* json.h in Headers */ = {isa = PBXBuildFile; fileRef = 322206BC1E57189000937996 /* json.h */; };
		322207B21E57189000937996 /* reader.h in Headers */ = {isa = PBXBuildFile; fileRef = 322206BD1E57189000937996 /* reader.h */; };
		322207B31E57189000937996 /* value.h in Headers */ = {isa = PBXBuildFile; fileRef = 322206BE1E57189000937996 /* value.h */; };
		322207B41E57189000937996 /* writer.h in Headers */ = {isa = PBXBuildFile; fileRef = 322206BF1E57189000937996 /* writer.h */; };
		322207C11E57189000937996 /* autolink.h in Headers */ = {isa = PBXBuildFile; fileRef = 322206D11E57189000937996 /* autolink.h */; };
		322207C21E57189000937996 /* config.h in Headers */ = {isa = PBXBuildFile; fileRef = 322206D21E57189000937996 /* config.h */; };
		322207C31E57189000937996 /* features.h in Headers */ = {isa = PBXBuildFile; fileRef = 322206D31E57189000937996 /* features.h */; };
		322207C41E57189000937996 /* forwards.h in Headers */ = {isa = PBXBuildFile; fileRef = 322206D41E57189000937996 /* forwards.h */; };
		322207C51E57189000937996 /* json.h in Headers */ = {isa = PBXBuildFile; fileRef = 322206D51E57189000937996 /* json.h */; };
		322207C61E57189000937996 /* reader.h in Headers */ = {isa = PBXBuildFile; fileRef = 322206D61E57189000937996 /* reader.h */; };
		322207C71E57189000937996 /* value.h in Headers */ = {isa = PBXBuildFile; fileRef = 322206D71E57189000937996 /* value.h */; };
		322207C81E57189000937996 /* writer.h in Headers */ = {isa = PBXBuildFile; fileRef = 322206D81E57189000937996 /* writer.h */; };
		322207D51E57189000937996 /* main.cpp in Sources */ = {isa = PBXBuildFile; fileRef = 322206EA1E57189000937996 /* main.cpp */; };
		322207D61E57189000937996 /* sconscript in Resources */ = {isa = PBXBuildFile; fileRef = 322206EB1E57189000937996 /* sconscript */; };
		322207D71E57189000937996 /* autolink.h in Headers */ = {isa = PBXBuildFile; fileRef = 322206EE1E57189000937996 /* autolink.h */; };
		322207D81E57189000937996 /* config.h in Headers */ = {isa = PBXBuildFile; fileRef = 322206EF1E57189000937996 /* config.h */; };
		322207D91E57189000937996 /* features.h in Headers */ = {isa = PBXBuildFile; fileRef = 322206F01E57189000937996 /* features.h */; };
		322207DA1E57189000937996 /* forwards.h in Headers */ = {isa = PBXBuildFile; fileRef = 322206F11E57189000937996 /* forwards.h */; };
		322207DB1E57189000937996 /* json.h in Headers */ = {isa = PBXBuildFile; fileRef = 322206F21E57189000937996 /* json.h */; };
		322207DC1E57189000937996 /* reader.h in Headers */ = {isa = PBXBuildFile; fileRef = 322206F31E57189000937996 /* reader.h */; };
		322207DD1E57189000937996 /* value.h in Headers */ = {isa = PBXBuildFile; fileRef = 322206F41E57189000937996 /* value.h */; };
		322207DE1E57189000937996 /* writer.h in Headers */ = {isa = PBXBuildFile; fileRef = 322206F51E57189000937996 /* writer.h */; };
		322207DF1E57189000937996 /* json_batchallocator.h in Headers */ = {isa = PBXBuildFile; fileRef = 322206F61E57189000937996 /* json_batchallocator.h */; };
		322207E01E57189000937996 /* json_internalarray.inl in Resources */ = {isa = PBXBuildFile; fileRef = 322206F71E57189000937996 /* json_internalarray.inl */; };
		322207E11E57189000937996 /* json_internalmap.inl in Resources */ = {isa = PBXBuildFile; fileRef = 322206F81E57189000937996 /* json_internalmap.inl */; };
		322207E21E57189000937996 /* json_reader.cpp in Sources */ = {isa = PBXBuildFile; fileRef = 322206F91E57189000937996 /* json_reader.cpp */; };
		322207E31E57189000937996 /* json_value.cpp in Sources */ = {isa = PBXBuildFile; fileRef = 322206FA1E57189000937996 /* json_value.cpp */; };
		322207E41E57189000937996 /* json_valueiterator.inl in Resources */ = {isa = PBXBuildFile; fileRef = 322206FB1E57189000937996 /* json_valueiterator.inl */; };
		322207E51E57189000937996 /* json_writer.cpp in Sources */ = {isa = PBXBuildFile; fileRef = 322206FC1E57189000937996 /* json_writer.cpp */; };
		322207E61E57189000937996 /* sconscript in Resources */ = {isa = PBXBuildFile; fileRef = 322206FD1E57189000937996 /* sconscript */; };
		3222097B1E5718B900937996 /* zconf.h in Headers */ = {isa = PBXBuildFile; fileRef = 322208861E5718B900937996 /* zconf.h */; };
		3222097C1E5718B900937996 /* zlib.h in Headers */ = {isa = PBXBuildFile; fileRef = 322208871E5718B900937996 /* zlib.h */; };
		322209801E5718B900937996 /* adler32.c in Sources */ = {isa = PBXBuildFile; fileRef = 3222088D1E5718B900937996 /* adler32.c */; };
		322209881E5718B900937996 /* ChangeLog in Resources */ = {isa = PBXBuildFile; fileRef = 322208971E5718B900937996 /* ChangeLog */; };
		322209891E5718B900937996 /* compress.c in Sources */ = {isa = PBXBuildFile; fileRef = 322208981E5718B900937996 /* compress.c */; };
		3222098A1E5718B900937996 /* configure in Resources */ = {isa = PBXBuildFile; fileRef = 322208991E5718B900937996 /* configure */; };
		32220A071E5718B900937996 /* crc32.c in Sources */ = {isa = PBXBuildFile; fileRef = 3222092E1E5718B900937996 /* crc32.c */; };
		32220A081E5718B900937996 /* crc32.h in Headers */ = {isa = PBXBuildFile; fileRef = 3222092F1E5718B900937996 /* crc32.h */; };
		32220A091E5718B900937996 /* deflate.c in Sources */ = {isa = PBXBuildFile; fileRef = 322209301E5718B900937996 /* deflate.c */; };
		32220A0A1E5718B900937996 /* deflate.h in Headers */ = {isa = PBXBuildFile; fileRef = 322209311E5718B900937996 /* deflate.h */; };
		32220A161E5718B900937996 /* FAQ in Resources */ = {isa = PBXBuildFile; fileRef = 3222093E1E5718B900937996 /* FAQ */; };
		32220A171E5718B900937996 /* gzio.c in Sources */ = {isa = PBXBuildFile; fileRef = 3222093F1E5718B900937996 /* gzio.c */; };
		32220A181E5718B900937996 /* INDEX in Resources */ = {isa = PBXBuildFile; fileRef = 322209401E5718B900937996 /* INDEX */; };
		32220A191E5718B900937996 /* infback.c in Sources */ = {isa = PBXBuildFile; fileRef = 322209411E5718B900937996 /* infback.c */; };
		32220A1A1E5718B900937996 /* inffast.c in Sources */ = {isa = PBXBuildFile; fileRef = 322209421E5718B900937996 /* inffast.c */; };
		32220A1B1E5718B900937996 /* inffast.h in Headers */ = {isa = PBXBuildFile; fileRef = 322209431E5718B900937996 /* inffast.h */; };
		32220A1C1E5718B900937996 /* inffixed.h in Headers */ = {isa = PBXBuildFile; fileRef = 322209441E5718B900937996 /* inffixed.h */; };
		32220A1D1E5718B900937996 /* inflate.c in Sources */ = {isa = PBXBuildFile; fileRef = 322209451E5718B900937996 /* inflate.c */; };
		32220A1E1E5718B900937996 /* inflate.h in Headers */ = {isa = PBXBuildFile; fileRef = 322209461E5718B900937996 /* inflate.h */; };
		32220A1F1E5718B900937996 /* inftrees.c in Sources */ = {isa = PBXBuildFile; fileRef = 322209471E5718B900937996 /* inftrees.c */; };
		32220A201E5718B900937996 /* inftrees.h in Headers */ = {isa = PBXBuildFile; fileRef = 322209481E5718B900937996 /* inftrees.h */; };
		32220A211E5718B900937996 /* make_vms.com in Resources */ = {isa = PBXBuildFile; fileRef = 322209491E5718B900937996 /* make_vms.com */; };
		32220A221E5718B900937996 /* Makefile in Sources */ = {isa = PBXBuildFile; fileRef = 3222094A1E5718B900937996 /* Makefile */; };
		32220A231E5718B900937996 /* Makefile.in in Resources */ = {isa = PBXBuildFile; fileRef = 3222094B1E5718B900937996 /* Makefile.in */; };
		32220A381E5718B900937996 /* README in Resources */ = {isa = PBXBuildFile; fileRef = 322209661E5718B900937996 /* README */; };
		32220A391E5718B900937996 /* trees.c in Sources */ = {isa = PBXBuildFile; fileRef = 322209671E5718B900937996 /* trees.c */; };
		32220A3A1E5718B900937996 /* trees.h in Headers */ = {isa = PBXBuildFile; fileRef = 322209681E5718B900937996 /* trees.h */; };
		32220A3B1E5718B900937996 /* uncompr.c in Sources */ = {isa = PBXBuildFile; fileRef = 322209691E5718B900937996 /* uncompr.c */; };
		32220A441E5718BA00937996 /* zconf.h in Headers */ = {isa = PBXBuildFile; fileRef = 322209731E5718B900937996 /* zconf.h */; };
		32220A451E5718BA00937996 /* zconf.in.h in Headers */ = {isa = PBXBuildFile; fileRef = 322209741E5718B900937996 /* zconf.in.h */; };
		32220A461E5718BA00937996 /* zlib.3 in Resources */ = {isa = PBXBuildFile; fileRef = 322209751E5718B900937996 /* zlib.3 */; };
		32220A471E5718BA00937996 /* zlib.h in Headers */ = {isa = PBXBuildFile; fileRef = 322209761E5718B900937996 /* zlib.h */; };
		32220A481E5718BA00937996 /* zutil.c in Sources */ = {isa = PBXBuildFile; fileRef = 322209771E5718B900937996 /* zutil.c */; };
		32220A491E5718BA00937996 /* zutil.h in Headers */ = {isa = PBXBuildFile; fileRef = 322209781E5718B900937996 /* zutil.h */; };
		32220A4D1E5D407E00937996 /* ChatInterface.mm in Sources */ = {isa = PBXBuildFile; fileRef = 32220A4C1E5D407E00937996 /* ChatInterface.mm */; };
		32220A501E5D6C6300937996 /* ChatManager.cpp in Sources */ = {isa = PBXBuildFile; fileRef = 32220A4E1E5D6C6300937996 /* ChatManager.cpp */; };
		32220A511E5D6C6300937996 /* ChatManager.hpp in Headers */ = {isa = PBXBuildFile; fileRef = 32220A4F1E5D6C6300937996 /* ChatManager.hpp */; };
		32EB09951E56C4E100652D2D /* CXGChat.framework in Frameworks */ = {isa = PBXBuildFile; fileRef = 32EB098B1E56C4E000652D2D /* CXGChat.framework */; };
		32EB099A1E56C4E100652D2D /* CXGChatTests.m in Sources */ = {isa = PBXBuildFile; fileRef = 32EB09991E56C4E100652D2D /* CXGChatTests.m */; };
		32EB099C1E56C4E100652D2D /* CXGChat.h in Headers */ = {isa = PBXBuildFile; fileRef = 32EB098E1E56C4E000652D2D /* CXGChat.h */; settings = {ATTRIBUTES = (Public, ); }; };
		32EB09BA1E56CCB400652D2D /* ChatMsgInfo.h in Headers */ = {isa = PBXBuildFile; fileRef = 32EB09A61E56CCB400652D2D /* ChatMsgInfo.h */; };
		32EB09BB1E56CCB400652D2D /* ChatRoom.cpp in Sources */ = {isa = PBXBuildFile; fileRef = 32EB09A71E56CCB400652D2D /* ChatRoom.cpp */; };
		32EB09BC1E56CCB400652D2D /* ChatRoom.h in Headers */ = {isa = PBXBuildFile; fileRef = 32EB09A81E56CCB400652D2D /* ChatRoom.h */; };
		32EB09BD1E56CCB400652D2D /* cxgChatRoom.cpp in Sources */ = {isa = PBXBuildFile; fileRef = 32EB09A91E56CCB400652D2D /* cxgChatRoom.cpp */; };
		32EB09BE1E56CCB400652D2D /* cxgChatRoom.h in Headers */ = {isa = PBXBuildFile; fileRef = 32EB09AA1E56CCB400652D2D /* cxgChatRoom.h */; };
		32EB09BF1E56CCB400652D2D /* Includes in Resources */ = {isa = PBXBuildFile; fileRef = 32EB09AB1E56CCB400652D2D /* Includes */; };
		32EB09C01E56CCB400652D2D /* NetClient.cpp in Sources */ = {isa = PBXBuildFile; fileRef = 32EB09AC1E56CCB400652D2D /* NetClient.cpp */; };
		32EB09C11E56CCB400652D2D /* NetClient.h in Headers */ = {isa = PBXBuildFile; fileRef = 32EB09AD1E56CCB400652D2D /* NetClient.h */; };
		32EB09C21E56CCB400652D2D /* network.cpp in Sources */ = {isa = PBXBuildFile; fileRef = 32EB09AE1E56CCB400652D2D /* network.cpp */; };
		32EB09C31E56CCB400652D2D /* network.h in Headers */ = {isa = PBXBuildFile; fileRef = 32EB09AF1E56CCB400652D2D /* network.h */; };
		32EB09C41E56CCB400652D2D /* Packet.cpp in Sources */ = {isa = PBXBuildFile; fileRef = 32EB09B01E56CCB400652D2D /* Packet.cpp */; };
		32EB09C51E56CCB400652D2D /* Packet.h in Headers */ = {isa = PBXBuildFile; fileRef = 32EB09B11E56CCB400652D2D /* Packet.h */; };
		32EB09C61E56CCB400652D2D /* RawLink.cpp in Sources */ = {isa = PBXBuildFile; fileRef = 32EB09B21E56CCB400652D2D /* RawLink.cpp */; };
		32EB09C71E56CCB400652D2D /* RawLink.h in Headers */ = {isa = PBXBuildFile; fileRef = 32EB09B31E56CCB400652D2D /* RawLink.h */; };
		32EB09C81E56CCB400652D2D /* ReadMe.txt in Resources */ = {isa = PBXBuildFile; fileRef = 32EB09B41E56CCB400652D2D /* ReadMe.txt */; };
		32EB09C91E56CCB400652D2D /* RefCount.cpp in Sources */ = {isa = PBXBuildFile; fileRef = 32EB09B51E56CCB400652D2D /* RefCount.cpp */; };
		32EB09CA1E56CCB400652D2D /* RefCount.h in Headers */ = {isa = PBXBuildFile; fileRef = 32EB09B61E56CCB400652D2D /* RefCount.h */; };
		32EB09CC1E56CCB400652D2D /* Timer.cpp in Sources */ = {isa = PBXBuildFile; fileRef = 32EB09B81E56CCB400652D2D /* Timer.cpp */; };
		32EB09CD1E56CCB400652D2D /* Timer.h in Headers */ = {isa = PBXBuildFile; fileRef = 32EB09B91E56CCB400652D2D /* Timer.h */; };
/* End PBXBuildFile section */

/* Begin PBXContainerItemProxy section */
		32EB09961E56C4E100652D2D /* PBXContainerItemProxy */ = {
			isa = PBXContainerItemProxy;
			containerPortal = 32EB09821E56C4E000652D2D /* Project object */;
			proxyType = 1;
			remoteGlobalIDString = 32EB098A1E56C4E000652D2D;
			remoteInfo = CXGChat;
		};
/* End PBXContainerItemProxy section */

/* Begin PBXFileReference section */
		322206B81E57189000937996 /* autolink.h */ = {isa = PBXFileReference; fileEncoding = 4; lastKnownFileType = sourcecode.c.h; path = autolink.h; sourceTree = "<group>"; };
		322206B91E57189000937996 /* config.h */ = {isa = PBXFileReference; fileEncoding = 4; lastKnownFileType = sourcecode.c.h; path = config.h; sourceTree = "<group>"; };
		322206BA1E57189000937996 /* features.h */ = {isa = PBXFileReference; fileEncoding = 4; lastKnownFileType = sourcecode.c.h; path = features.h; sourceTree = "<group>"; };
		322206BB1E57189000937996 /* forwards.h */ = {isa = PBXFileReference; fileEncoding = 4; lastKnownFileType = sourcecode.c.h; path = forwards.h; sourceTree = "<group>"; };
		322206BC1E57189000937996 /* json.h */ = {isa = PBXFileReference; fileEncoding = 4; lastKnownFileType = sourcecode.c.h; path = json.h; sourceTree = "<group>"; };
		322206BD1E57189000937996 /* reader.h */ = {isa = PBXFileReference; fileEncoding = 4; lastKnownFileType = sourcecode.c.h; path = reader.h; sourceTree = "<group>"; };
		322206BE1E57189000937996 /* value.h */ = {isa = PBXFileReference; fileEncoding = 4; lastKnownFileType = sourcecode.c.h; path = value.h; sourceTree = "<group>"; };
		322206BF1E57189000937996 /* writer.h */ = {isa = PBXFileReference; fileEncoding = 4; lastKnownFileType = sourcecode.c.h; path = writer.h; sourceTree = "<group>"; };
		322206D11E57189000937996 /* autolink.h */ = {isa = PBXFileReference; fileEncoding = 4; lastKnownFileType = sourcecode.c.h; path = autolink.h; sourceTree = "<group>"; };
		322206D21E57189000937996 /* config.h */ = {isa = PBXFileReference; fileEncoding = 4; lastKnownFileType = sourcecode.c.h; path = config.h; sourceTree = "<group>"; };
		322206D31E57189000937996 /* features.h */ = {isa = PBXFileReference; fileEncoding = 4; lastKnownFileType = sourcecode.c.h; path = features.h; sourceTree = "<group>"; };
		322206D41E57189000937996 /* forwards.h */ = {isa = PBXFileReference; fileEncoding = 4; lastKnownFileType = sourcecode.c.h; path = forwards.h; sourceTree = "<group>"; };
		322206D51E57189000937996 /* json.h */ = {isa = PBXFileReference; fileEncoding = 4; lastKnownFileType = sourcecode.c.h; path = json.h; sourceTree = "<group>"; };
		322206D61E57189000937996 /* reader.h */ = {isa = PBXFileReference; fileEncoding = 4; lastKnownFileType = sourcecode.c.h; path = reader.h; sourceTree = "<group>"; };
		322206D71E57189000937996 /* value.h */ = {isa = PBXFileReference; fileEncoding = 4; lastKnownFileType = sourcecode.c.h; path = value.h; sourceTree = "<group>"; };
		322206D81E57189000937996 /* writer.h */ = {isa = PBXFileReference; fileEncoding = 4; lastKnownFileType = sourcecode.c.h; path = writer.h; sourceTree = "<group>"; };
		322206EA1E57189000937996 /* main.cpp */ = {isa = PBXFileReference; fileEncoding = 4; lastKnownFileType = sourcecode.cpp.cpp; path = main.cpp; sourceTree = "<group>"; };
		322206EB1E57189000937996 /* sconscript */ = {isa = PBXFileReference; fileEncoding = 4; lastKnownFileType = text; path = sconscript; sourceTree = "<group>"; };
		322206EE1E57189000937996 /* autolink.h */ = {isa = PBXFileReference; fileEncoding = 4; lastKnownFileType = sourcecode.c.h; path = autolink.h; sourceTree = "<group>"; };
		322206EF1E57189000937996 /* config.h */ = {isa = PBXFileReference; fileEncoding = 4; lastKnownFileType = sourcecode.c.h; path = config.h; sourceTree = "<group>"; };
		322206F01E57189000937996 /* features.h */ = {isa = PBXFileReference; fileEncoding = 4; lastKnownFileType = sourcecode.c.h; path = features.h; sourceTree = "<group>"; };
		322206F11E57189000937996 /* forwards.h */ = {isa = PBXFileReference; fileEncoding = 4; lastKnownFileType = sourcecode.c.h; path = forwards.h; sourceTree = "<group>"; };
		322206F21E57189000937996 /* json.h */ = {isa = PBXFileReference; fileEncoding = 4; lastKnownFileType = sourcecode.c.h; path = json.h; sourceTree = "<group>"; };
		322206F31E57189000937996 /* reader.h */ = {isa = PBXFileReference; fileEncoding = 4; lastKnownFileType = sourcecode.c.h; path = reader.h; sourceTree = "<group>"; };
		322206F41E57189000937996 /* value.h */ = {isa = PBXFileReference; fileEncoding = 4; lastKnownFileType = sourcecode.c.h; path = value.h; sourceTree = "<group>"; };
		322206F51E57189000937996 /* writer.h */ = {isa = PBXFileReference; fileEncoding = 4; lastKnownFileType = sourcecode.c.h; path = writer.h; sourceTree = "<group>"; };
		322206F61E57189000937996 /* json_batchallocator.h */ = {isa = PBXFileReference; fileEncoding = 4; lastKnownFileType = sourcecode.c.h; path = json_batchallocator.h; sourceTree = "<group>"; };
		322206F71E57189000937996 /* json_internalarray.inl */ = {isa = PBXFileReference; fileEncoding = 4; lastKnownFileType = text; path = json_internalarray.inl; sourceTree = "<group>"; };
		322206F81E57189000937996 /* json_internalmap.inl */ = {isa = PBXFileReference; fileEncoding = 4; lastKnownFileType = text; path = json_internalmap.inl; sourceTree = "<group>"; };
		322206F91E57189000937996 /* json_reader.cpp */ = {isa = PBXFileReference; fileEncoding = 4; lastKnownFileType = sourcecode.cpp.cpp; path = json_reader.cpp; sourceTree = "<group>"; };
		322206FA1E57189000937996 /* json_value.cpp */ = {isa = PBXFileReference; fileEncoding = 4; lastKnownFileType = sourcecode.cpp.cpp; path = json_value.cpp; sourceTree = "<group>"; };
		322206FB1E57189000937996 /* json_valueiterator.inl */ = {isa = PBXFileReference; fileEncoding = 4; lastKnownFileType = text; path = json_valueiterator.inl; sourceTree = "<group>"; };
		322206FC1E57189000937996 /* json_writer.cpp */ = {isa = PBXFileReference; fileEncoding = 4; lastKnownFileType = sourcecode.cpp.cpp; path = json_writer.cpp; sourceTree = "<group>"; };
		322206FD1E57189000937996 /* sconscript */ = {isa = PBXFileReference; fileEncoding = 4; lastKnownFileType = text; path = sconscript; sourceTree = "<group>"; };
		322208861E5718B900937996 /* zconf.h */ = {isa = PBXFileReference; fileEncoding = 4; lastKnownFileType = sourcecode.c.h; path = zconf.h; sourceTree = "<group>"; };
		322208871E5718B900937996 /* zlib.h */ = {isa = PBXFileReference; fileEncoding = 4; lastKnownFileType = sourcecode.c.h; path = zlib.h; sourceTree = "<group>"; };
		3222088D1E5718B900937996 /* adler32.c */ = {isa = PBXFileReference; fileEncoding = 4; lastKnownFileType = sourcecode.c.c; path = adler32.c; sourceTree = "<group>"; };
		322208971E5718B900937996 /* ChangeLog */ = {isa = PBXFileReference; fileEncoding = 4; lastKnownFileType = text; path = ChangeLog; sourceTree = "<group>"; };
		322208981E5718B900937996 /* compress.c */ = {isa = PBXFileReference; fileEncoding = 4; lastKnownFileType = sourcecode.c.c; path = compress.c; sourceTree = "<group>"; };
		322208991E5718B900937996 /* configure */ = {isa = PBXFileReference; fileEncoding = 4; lastKnownFileType = text.script.sh; path = configure; sourceTree = "<group>"; };
		3222092E1E5718B900937996 /* crc32.c */ = {isa = PBXFileReference; fileEncoding = 4; lastKnownFileType = sourcecode.c.c; path = crc32.c; sourceTree = "<group>"; };
		3222092F1E5718B900937996 /* crc32.h */ = {isa = PBXFileReference; fileEncoding = 4; lastKnownFileType = sourcecode.c.h; path = crc32.h; sourceTree = "<group>"; };
		322209301E5718B900937996 /* deflate.c */ = {isa = PBXFileReference; fileEncoding = 4; lastKnownFileType = sourcecode.c.c; path = deflate.c; sourceTree = "<group>"; };
		322209311E5718B900937996 /* deflate.h */ = {isa = PBXFileReference; fileEncoding = 4; lastKnownFileType = sourcecode.c.h; path = deflate.h; sourceTree = "<group>"; };
		3222093E1E5718B900937996 /* FAQ */ = {isa = PBXFileReference; fileEncoding = 4; lastKnownFileType = text; path = FAQ; sourceTree = "<group>"; };
		3222093F1E5718B900937996 /* gzio.c */ = {isa = PBXFileReference; fileEncoding = 4; lastKnownFileType = sourcecode.c.c; path = gzio.c; sourceTree = "<group>"; };
		322209401E5718B900937996 /* INDEX */ = {isa = PBXFileReference; fileEncoding = 4; lastKnownFileType = text; path = INDEX; sourceTree = "<group>"; };
		322209411E5718B900937996 /* infback.c */ = {isa = PBXFileReference; fileEncoding = 4; lastKnownFileType = sourcecode.c.c; path = infback.c; sourceTree = "<group>"; };
		322209421E5718B900937996 /* inffast.c */ = {isa = PBXFileReference; fileEncoding = 4; lastKnownFileType = sourcecode.c.c; path = inffast.c; sourceTree = "<group>"; };
		322209431E5718B900937996 /* inffast.h */ = {isa = PBXFileReference; fileEncoding = 4; lastKnownFileType = sourcecode.c.h; path = inffast.h; sourceTree = "<group>"; };
		322209441E5718B900937996 /* inffixed.h */ = {isa = PBXFileReference; fileEncoding = 4; lastKnownFileType = sourcecode.c.h; path = inffixed.h; sourceTree = "<group>"; };
		322209451E5718B900937996 /* inflate.c */ = {isa = PBXFileReference; fileEncoding = 4; lastKnownFileType = sourcecode.c.c; path = inflate.c; sourceTree = "<group>"; };
		322209461E5718B900937996 /* inflate.h */ = {isa = PBXFileReference; fileEncoding = 4; lastKnownFileType = sourcecode.c.h; path = inflate.h; sourceTree = "<group>"; };
		322209471E5718B900937996 /* inftrees.c */ = {isa = PBXFileReference; fileEncoding = 4; lastKnownFileType = sourcecode.c.c; path = inftrees.c; sourceTree = "<group>"; };
		322209481E5718B900937996 /* inftrees.h */ = {isa = PBXFileReference; fileEncoding = 4; lastKnownFileType = sourcecode.c.h; path = inftrees.h; sourceTree = "<group>"; };
		322209491E5718B900937996 /* make_vms.com */ = {isa = PBXFileReference; fileEncoding = 4; lastKnownFileType = text; path = make_vms.com; sourceTree = "<group>"; };
		3222094A1E5718B900937996 /* Makefile */ = {isa = PBXFileReference; fileEncoding = 4; lastKnownFileType = sourcecode.make; path = Makefile; sourceTree = "<group>"; };
		3222094B1E5718B900937996 /* Makefile.in */ = {isa = PBXFileReference; fileEncoding = 4; lastKnownFileType = text; path = Makefile.in; sourceTree = "<group>"; };
		322209661E5718B900937996 /* README */ = {isa = PBXFileReference; fileEncoding = 4; lastKnownFileType = text; path = README; sourceTree = "<group>"; };
		322209671E5718B900937996 /* trees.c */ = {isa = PBXFileReference; fileEncoding = 4; lastKnownFileType = sourcecode.c.c; path = trees.c; sourceTree = "<group>"; };
		322209681E5718B900937996 /* trees.h */ = {isa = PBXFileReference; fileEncoding = 4; lastKnownFileType = sourcecode.c.h; path = trees.h; sourceTree = "<group>"; };
		322209691E5718B900937996 /* uncompr.c */ = {isa = PBXFileReference; fileEncoding = 4; lastKnownFileType = sourcecode.c.c; path = uncompr.c; sourceTree = "<group>"; };
		322209731E5718B900937996 /* zconf.h */ = {isa = PBXFileReference; fileEncoding = 4; lastKnownFileType = sourcecode.c.h; path = zconf.h; sourceTree = "<group>"; };
		322209741E5718B900937996 /* zconf.in.h */ = {isa = PBXFileReference; fileEncoding = 4; lastKnownFileType = sourcecode.c.h; path = zconf.in.h; sourceTree = "<group>"; };
		322209751E5718B900937996 /* zlib.3 */ = {isa = PBXFileReference; fileEncoding = 4; lastKnownFileType = text; path = zlib.3; sourceTree = "<group>"; };
		322209761E5718B900937996 /* zlib.h */ = {isa = PBXFileReference; fileEncoding = 4; lastKnownFileType = sourcecode.c.h; path = zlib.h; sourceTree = "<group>"; };
		322209771E5718B900937996 /* zutil.c */ = {isa = PBXFileReference; fileEncoding = 4; lastKnownFileType = sourcecode.c.c; path = zutil.c; sourceTree = "<group>"; };
		322209781E5718B900937996 /* zutil.h */ = {isa = PBXFileReference; fileEncoding = 4; lastKnownFileType = sourcecode.c.h; path = zutil.h; sourceTree = "<group>"; };
		32220A4C1E5D407E00937996 /* ChatInterface.mm */ = {isa = PBXFileReference; fileEncoding = 4; lastKnownFileType = sourcecode.cpp.objcpp; path = ChatInterface.mm; sourceTree = "<group>"; };
		32220A4E1E5D6C6300937996 /* ChatManager.cpp */ = {isa = PBXFileReference; fileEncoding = 4; lastKnownFileType = sourcecode.cpp.cpp; path = ChatManager.cpp; sourceTree = "<group>"; };
		32220A4F1E5D6C6300937996 /* ChatManager.hpp */ = {isa = PBXFileReference; fileEncoding = 4; lastKnownFileType = sourcecode.cpp.h; path = ChatManager.hpp; sourceTree = "<group>"; };
		32EB098B1E56C4E000652D2D /* CXGChat.framework */ = {isa = PBXFileReference; explicitFileType = wrapper.framework; includeInIndex = 0; path = CXGChat.framework; sourceTree = BUILT_PRODUCTS_DIR; };
		32EB098E1E56C4E000652D2D /* CXGChat.h */ = {isa = PBXFileReference; lastKnownFileType = sourcecode.c.h; path = CXGChat.h; sourceTree = "<group>"; };
		32EB098F1E56C4E000652D2D /* Info.plist */ = {isa = PBXFileReference; lastKnownFileType = text.plist.xml; path = Info.plist; sourceTree = "<group>"; };
		32EB09941E56C4E100652D2D /* CXGChatTests.xctest */ = {isa = PBXFileReference; explicitFileType = wrapper.cfbundle; includeInIndex = 0; path = CXGChatTests.xctest; sourceTree = BUILT_PRODUCTS_DIR; };
		32EB09991E56C4E100652D2D /* CXGChatTests.m */ = {isa = PBXFileReference; lastKnownFileType = sourcecode.c.objc; path = CXGChatTests.m; sourceTree = "<group>"; };
		32EB099B1E56C4E100652D2D /* Info.plist */ = {isa = PBXFileReference; lastKnownFileType = text.plist.xml; path = Info.plist; sourceTree = "<group>"; };
		32EB09A61E56CCB400652D2D /* ChatMsgInfo.h */ = {isa = PBXFileReference; fileEncoding = 4; lastKnownFileType = sourcecode.c.h; name = ChatMsgInfo.h; path = Core/ChatMsgInfo.h; sourceTree = "<group>"; };
		32EB09A71E56CCB400652D2D /* ChatRoom.cpp */ = {isa = PBXFileReference; fileEncoding = 4; lastKnownFileType = sourcecode.cpp.cpp; name = ChatRoom.cpp; path = Core/ChatRoom.cpp; sourceTree = "<group>"; };
		32EB09A81E56CCB400652D2D /* ChatRoom.h */ = {isa = PBXFileReference; fileEncoding = 4; lastKnownFileType = sourcecode.c.h; name = ChatRoom.h; path = Core/ChatRoom.h; sourceTree = "<group>"; };
		32EB09A91E56CCB400652D2D /* cxgChatRoom.cpp */ = {isa = PBXFileReference; fileEncoding = 4; lastKnownFileType = sourcecode.cpp.cpp; name = cxgChatRoom.cpp; path = Core/cxgChatRoom.cpp; sourceTree = "<group>"; };
		32EB09AA1E56CCB400652D2D /* cxgChatRoom.h */ = {isa = PBXFileReference; fileEncoding = 4; lastKnownFileType = sourcecode.c.h; name = cxgChatRoom.h; path = Core/cxgChatRoom.h; sourceTree = "<group>"; };
		32EB09AB1E56CCB400652D2D /* Includes */ = {isa = PBXFileReference; lastKnownFileType = folder; name = Includes; path = Core/Includes; sourceTree = "<group>"; };
		32EB09AC1E56CCB400652D2D /* NetClient.cpp */ = {isa = PBXFileReference; fileEncoding = 4; lastKnownFileType = sourcecode.cpp.cpp; name = NetClient.cpp; path = Core/NetClient.cpp; sourceTree = "<group>"; };
		32EB09AD1E56CCB400652D2D /* NetClient.h */ = {isa = PBXFileReference; fileEncoding = 4; lastKnownFileType = sourcecode.c.h; name = NetClient.h; path = Core/NetClient.h; sourceTree = "<group>"; };
		32EB09AE1E56CCB400652D2D /* network.cpp */ = {isa = PBXFileReference; fileEncoding = 4; lastKnownFileType = sourcecode.cpp.cpp; name = network.cpp; path = Core/network.cpp; sourceTree = "<group>"; };
		32EB09AF1E56CCB400652D2D /* network.h */ = {isa = PBXFileReference; fileEncoding = 4; lastKnownFileType = sourcecode.c.h; name = network.h; path = Core/network.h; sourceTree = "<group>"; };
		32EB09B01E56CCB400652D2D /* Packet.cpp */ = {isa = PBXFileReference; fileEncoding = 4; lastKnownFileType = sourcecode.cpp.cpp; name = Packet.cpp; path = Core/Packet.cpp; sourceTree = "<group>"; };
		32EB09B11E56CCB400652D2D /* Packet.h */ = {isa = PBXFileReference; fileEncoding = 4; lastKnownFileType = sourcecode.c.h; name = Packet.h; path = Core/Packet.h; sourceTree = "<group>"; };
		32EB09B21E56CCB400652D2D /* RawLink.cpp */ = {isa = PBXFileReference; fileEncoding = 4; lastKnownFileType = sourcecode.cpp.cpp; name = RawLink.cpp; path = Core/RawLink.cpp; sourceTree = "<group>"; };
		32EB09B31E56CCB400652D2D /* RawLink.h */ = {isa = PBXFileReference; fileEncoding = 4; lastKnownFileType = sourcecode.c.h; name = RawLink.h; path = Core/RawLink.h; sourceTree = "<group>"; };
		32EB09B41E56CCB400652D2D /* ReadMe.txt */ = {isa = PBXFileReference; fileEncoding = 4; lastKnownFileType = text; name = ReadMe.txt; path = Core/ReadMe.txt; sourceTree = "<group>"; };
		32EB09B51E56CCB400652D2D /* RefCount.cpp */ = {isa = PBXFileReference; fileEncoding = 4; lastKnownFileType = sourcecode.cpp.cpp; name = RefCount.cpp; path = Core/RefCount.cpp; sourceTree = "<group>"; };
		32EB09B61E56CCB400652D2D /* RefCount.h */ = {isa = PBXFileReference; fileEncoding = 4; lastKnownFileType = sourcecode.c.h; name = RefCount.h; path = Core/RefCount.h; sourceTree = "<group>"; };
		32EB09B81E56CCB400652D2D /* Timer.cpp */ = {isa = PBXFileReference; fileEncoding = 4; lastKnownFileType = sourcecode.cpp.cpp; name = Timer.cpp; path = Core/Timer.cpp; sourceTree = "<group>"; };
		32EB09B91E56CCB400652D2D /* Timer.h */ = {isa = PBXFileReference; fileEncoding = 4; lastKnownFileType = sourcecode.c.h; name = Timer.h; path = Core/Timer.h; sourceTree = "<group>"; };
/* End PBXFileReference section */

/* Begin PBXFrameworksBuildPhase section */
		32EB09871E56C4E000652D2D /* Frameworks */ = {
			isa = PBXFrameworksBuildPhase;
			buildActionMask = 2147483647;
			files = (
			);
			runOnlyForDeploymentPostprocessing = 0;
		};
		32EB09911E56C4E100652D2D /* Frameworks */ = {
			isa = PBXFrameworksBuildPhase;
			buildActionMask = 2147483647;
			files = (
				32EB09951E56C4E100652D2D /* CXGChat.framework in Frameworks */,
			);
			runOnlyForDeploymentPostprocessing = 0;
		};
/* End PBXFrameworksBuildPhase section */

/* Begin PBXGroup section */
		322206A51E57189000937996 /* json */ = {
			isa = PBXGroup;
			children = (
				322206B61E57189000937996 /* include */,
				322206C01E57189000937996 /* jsoncpp */,
			);
			path = json;
			sourceTree = "<group>";
		};
		322206B61E57189000937996 /* include */ = {
			isa = PBXGroup;
			children = (
				322206B71E57189000937996 /* json */,
			);
			path = include;
			sourceTree = "<group>";
		};
		322206B71E57189000937996 /* json */ = {
			isa = PBXGroup;
			children = (
				322206B81E57189000937996 /* autolink.h */,
				322206B91E57189000937996 /* config.h */,
				322206BA1E57189000937996 /* features.h */,
				322206BB1E57189000937996 /* forwards.h */,
				322206BC1E57189000937996 /* json.h */,
				322206BD1E57189000937996 /* reader.h */,
				322206BE1E57189000937996 /* value.h */,
				322206BF1E57189000937996 /* writer.h */,
			);
			path = json;
			sourceTree = "<group>";
		};
		322206C01E57189000937996 /* jsoncpp */ = {
			isa = PBXGroup;
			children = (
				322206CF1E57189000937996 /* include */,
				322206E81E57189000937996 /* src */,
			);
			path = jsoncpp;
			sourceTree = "<group>";
		};
		322206CF1E57189000937996 /* include */ = {
			isa = PBXGroup;
			children = (
				322206D01E57189000937996 /* json */,
			);
			path = include;
			sourceTree = "<group>";
		};
		322206D01E57189000937996 /* json */ = {
			isa = PBXGroup;
			children = (
				322206D11E57189000937996 /* autolink.h */,
				322206D21E57189000937996 /* config.h */,
				322206D31E57189000937996 /* features.h */,
				322206D41E57189000937996 /* forwards.h */,
				322206D51E57189000937996 /* json.h */,
				322206D61E57189000937996 /* reader.h */,
				322206D71E57189000937996 /* value.h */,
				322206D81E57189000937996 /* writer.h */,
			);
			path = json;
			sourceTree = "<group>";
		};
		322206E81E57189000937996 /* src */ = {
			isa = PBXGroup;
			children = (
				322206E91E57189000937996 /* jsontestrunner */,
				322206EC1E57189000937996 /* lib_json */,
			);
			path = src;
			sourceTree = "<group>";
		};
		322206E91E57189000937996 /* jsontestrunner */ = {
			isa = PBXGroup;
			children = (
				322206EA1E57189000937996 /* main.cpp */,
				322206EB1E57189000937996 /* sconscript */,
			);
			path = jsontestrunner;
			sourceTree = "<group>";
		};
		322206EC1E57189000937996 /* lib_json */ = {
			isa = PBXGroup;
			children = (
				322206ED1E57189000937996 /* json */,
				322206F61E57189000937996 /* json_batchallocator.h */,
				322206F71E57189000937996 /* json_internalarray.inl */,
				322206F81E57189000937996 /* json_internalmap.inl */,
				322206F91E57189000937996 /* json_reader.cpp */,
				322206FA1E57189000937996 /* json_value.cpp */,
				322206FB1E57189000937996 /* json_valueiterator.inl */,
				322206FC1E57189000937996 /* json_writer.cpp */,
				322206FD1E57189000937996 /* sconscript */,
			);
			path = lib_json;
			sourceTree = "<group>";
		};
		322206ED1E57189000937996 /* json */ = {
			isa = PBXGroup;
			children = (
				322206EE1E57189000937996 /* autolink.h */,
				322206EF1E57189000937996 /* config.h */,
				322206F01E57189000937996 /* features.h */,
				322206F11E57189000937996 /* forwards.h */,
				322206F21E57189000937996 /* json.h */,
				322206F31E57189000937996 /* reader.h */,
				322206F41E57189000937996 /* value.h */,
				322206F51E57189000937996 /* writer.h */,
			);
			path = json;
			sourceTree = "<group>";
		};
		322208811E5718B900937996 /* zlib */ = {
			isa = PBXGroup;
			children = (
				322208851E5718B900937996 /* include */,
				3222088C1E5718B900937996 /* zlib-1.2.3 */,
			);
			path = zlib;
			sourceTree = "<group>";
		};
		322208851E5718B900937996 /* include */ = {
			isa = PBXGroup;
			children = (
				322208861E5718B900937996 /* zconf.h */,
				322208871E5718B900937996 /* zlib.h */,
			);
			path = include;
			sourceTree = "<group>";
		};
		3222088C1E5718B900937996 /* zlib-1.2.3 */ = {
			isa = PBXGroup;
			children = (
				3222088D1E5718B900937996 /* adler32.c */,
				322208971E5718B900937996 /* ChangeLog */,
				322208981E5718B900937996 /* compress.c */,
				322208991E5718B900937996 /* configure */,
				3222092E1E5718B900937996 /* crc32.c */,
				3222092F1E5718B900937996 /* crc32.h */,
				322209301E5718B900937996 /* deflate.c */,
				322209311E5718B900937996 /* deflate.h */,
				3222093E1E5718B900937996 /* FAQ */,
				3222093F1E5718B900937996 /* gzio.c */,
				322209401E5718B900937996 /* INDEX */,
				322209411E5718B900937996 /* infback.c */,
				322209421E5718B900937996 /* inffast.c */,
				322209431E5718B900937996 /* inffast.h */,
				322209441E5718B900937996 /* inffixed.h */,
				322209451E5718B900937996 /* inflate.c */,
				322209461E5718B900937996 /* inflate.h */,
				322209471E5718B900937996 /* inftrees.c */,
				322209481E5718B900937996 /* inftrees.h */,
				322209491E5718B900937996 /* make_vms.com */,
				3222094A1E5718B900937996 /* Makefile */,
				3222094B1E5718B900937996 /* Makefile.in */,
				322209661E5718B900937996 /* README */,
				322209671E5718B900937996 /* trees.c */,
				322209681E5718B900937996 /* trees.h */,
				322209691E5718B900937996 /* uncompr.c */,
				322209731E5718B900937996 /* zconf.h */,
				322209741E5718B900937996 /* zconf.in.h */,
				322209751E5718B900937996 /* zlib.3 */,
				322209761E5718B900937996 /* zlib.h */,
				322209771E5718B900937996 /* zutil.c */,
				322209781E5718B900937996 /* zutil.h */,
			);
			path = "zlib-1.2.3";
			sourceTree = "<group>";
		};
		32EB09811E56C4E000652D2D = {
			isa = PBXGroup;
			children = (
				32EB098D1E56C4E000652D2D /* CXGChat */,
				32EB09981E56C4E100652D2D /* CXGChatTests */,
				32EB098C1E56C4E000652D2D /* Products */,
			);
			sourceTree = "<group>";
		};
		32EB098C1E56C4E000652D2D /* Products */ = {
			isa = PBXGroup;
			children = (
				32EB098B1E56C4E000652D2D /* CXGChat.framework */,
				32EB09941E56C4E100652D2D /* CXGChatTests.xctest */,
			);
			name = Products;
			sourceTree = "<group>";
		};
		32EB098D1E56C4E000652D2D /* CXGChat */ = {
			isa = PBXGroup;
			children = (
				32EB09A51E56CC4300652D2D /* Core */,
				32EB098E1E56C4E000652D2D /* CXGChat.h */,
				32EB098F1E56C4E000652D2D /* Info.plist */,
				32220A4C1E5D407E00937996 /* ChatInterface.mm */,
				32220A4E1E5D6C6300937996 /* ChatManager.cpp */,
				32220A4F1E5D6C6300937996 /* ChatManager.hpp */,
			);
			path = CXGChat;
			sourceTree = "<group>";
		};
		32EB09981E56C4E100652D2D /* CXGChatTests */ = {
			isa = PBXGroup;
			children = (
				32EB09991E56C4E100652D2D /* CXGChatTests.m */,
				32EB099B1E56C4E100652D2D /* Info.plist */,
			);
			path = CXGChatTests;
			sourceTree = "<group>";
		};
		32EB09A51E56CC4300652D2D /* Core */ = {
			isa = PBXGroup;
			children = (
				32EB09CF1E57086700652D2D /* third_party */,
				32EB09A61E56CCB400652D2D /* ChatMsgInfo.h */,
				32EB09A71E56CCB400652D2D /* ChatRoom.cpp */,
				32EB09A81E56CCB400652D2D /* ChatRoom.h */,
				32EB09A91E56CCB400652D2D /* cxgChatRoom.cpp */,
				32EB09AA1E56CCB400652D2D /* cxgChatRoom.h */,
				32EB09AB1E56CCB400652D2D /* Includes */,
				32EB09AC1E56CCB400652D2D /* NetClient.cpp */,
				32EB09AD1E56CCB400652D2D /* NetClient.h */,
				32EB09AE1E56CCB400652D2D /* network.cpp */,
				32EB09AF1E56CCB400652D2D /* network.h */,
				32EB09B01E56CCB400652D2D /* Packet.cpp */,
				32EB09B11E56CCB400652D2D /* Packet.h */,
				32EB09B21E56CCB400652D2D /* RawLink.cpp */,
				32EB09B31E56CCB400652D2D /* RawLink.h */,
				32EB09B41E56CCB400652D2D /* ReadMe.txt */,
				32EB09B51E56CCB400652D2D /* RefCount.cpp */,
				32EB09B61E56CCB400652D2D /* RefCount.h */,
				32EB09B81E56CCB400652D2D /* Timer.cpp */,
				32EB09B91E56CCB400652D2D /* Timer.h */,
			);
			name = Core;
			sourceTree = "<group>";
		};
		32EB09CF1E57086700652D2D /* third_party */ = {
			isa = PBXGroup;
			children = (
				322208811E5718B900937996 /* zlib */,
				322206A51E57189000937996 /* json */,
			);
			name = third_party;
			sourceTree = "<group>";
		};
/* End PBXGroup section */

/* Begin PBXHeadersBuildPhase section */
		32EB09881E56C4E000652D2D /* Headers */ = {
			isa = PBXHeadersBuildPhase;
			buildActionMask = 2147483647;
			files = (
				322207DD1E57189000937996 /* value.h in Headers */,
				322207D81E57189000937996 /* config.h in Headers */,
				322207DE1E57189000937996 /* writer.h in Headers */,
				32220A0A1E5718B900937996 /* deflate.h in Headers */,
				322207B31E57189000937996 /* value.h in Headers */,
				32220A511E5D6C6300937996 /* ChatManager.hpp in Headers */,
				32220A1C1E5718B900937996 /* inffixed.h in Headers */,
				32EB09CD1E56CCB400652D2D /* Timer.h in Headers */,
				3222097C1E5718B900937996 /* zlib.h in Headers */,
				32220A471E5718BA00937996 /* zlib.h in Headers */,
				322207B11E57189000937996 /* json.h in Headers */,
				32EB09BC1E56CCB400652D2D /* ChatRoom.h in Headers */,
				322207B21E57189000937996 /* reader.h in Headers */,
				322207D91E57189000937996 /* features.h in Headers */,
				322207C11E57189000937996 /* autolink.h in Headers */,
				322207C71E57189000937996 /* value.h in Headers */,
				32220A451E5718BA00937996 /* zconf.in.h in Headers */,
				32220A081E5718B900937996 /* crc32.h in Headers */,
				3222097B1E5718B900937996 /* zconf.h in Headers */,
				322207C21E57189000937996 /* config.h in Headers */,
				32EB09C11E56CCB400652D2D /* NetClient.h in Headers */,
				322207B41E57189000937996 /* writer.h in Headers */,
				32EB09BA1E56CCB400652D2D /* ChatMsgInfo.h in Headers */,
				32EB09C51E56CCB400652D2D /* Packet.h in Headers */,
				32220A1B1E5718B900937996 /* inffast.h in Headers */,
				32220A1E1E5718B900937996 /* inflate.h in Headers */,
				322207C31E57189000937996 /* features.h in Headers */,
				322207DF1E57189000937996 /* json_batchallocator.h in Headers */,
				322207C51E57189000937996 /* json.h in Headers */,
				322207AF1E57189000937996 /* features.h in Headers */,
				32220A201E5718B900937996 /* inftrees.h in Headers */,
				322207C61E57189000937996 /* reader.h in Headers */,
				322207C81E57189000937996 /* writer.h in Headers */,
				32EB09C31E56CCB400652D2D /* network.h in Headers */,
				322207AE1E57189000937996 /* config.h in Headers */,
				32EB09BE1E56CCB400652D2D /* cxgChatRoom.h in Headers */,
				322207DB1E57189000937996 /* json.h in Headers */,
				322207AD1E57189000937996 /* autolink.h in Headers */,
				322207D71E57189000937996 /* autolink.h in Headers */,
				32EB09CA1E56CCB400652D2D /* RefCount.h in Headers */,
				322207DA1E57189000937996 /* forwards.h in Headers */,
				32220A441E5718BA00937996 /* zconf.h in Headers */,
				322207DC1E57189000937996 /* reader.h in Headers */,
				32220A3A1E5718B900937996 /* trees.h in Headers */,
				322207B01E57189000937996 /* forwards.h in Headers */,
				32220A491E5718BA00937996 /* zutil.h in Headers */,
				32EB099C1E56C4E100652D2D /* CXGChat.h in Headers */,
				322207C41E57189000937996 /* forwards.h in Headers */,
				32EB09C71E56CCB400652D2D /* RawLink.h in Headers */,
			);
			runOnlyForDeploymentPostprocessing = 0;
		};
/* End PBXHeadersBuildPhase section */

/* Begin PBXNativeTarget section */
		32EB098A1E56C4E000652D2D /* CXGChat */ = {
			isa = PBXNativeTarget;
			buildConfigurationList = 32EB099F1E56C4E100652D2D /* Build configuration list for PBXNativeTarget "CXGChat" */;
			buildPhases = (
				32EB09861E56C4E000652D2D /* Sources */,
				32EB09871E56C4E000652D2D /* Frameworks */,
				32EB09881E56C4E000652D2D /* Headers */,
				32EB09891E56C4E000652D2D /* Resources */,
			);
			buildRules = (
			);
			dependencies = (
			);
			name = CXGChat;
			productName = CXGChat;
			productReference = 32EB098B1E56C4E000652D2D /* CXGChat.framework */;
			productType = "com.apple.product-type.framework";
		};
		32EB09931E56C4E100652D2D /* CXGChatTests */ = {
			isa = PBXNativeTarget;
			buildConfigurationList = 32EB09A21E56C4E100652D2D /* Build configuration list for PBXNativeTarget "CXGChatTests" */;
			buildPhases = (
				32EB09901E56C4E100652D2D /* Sources */,
				32EB09911E56C4E100652D2D /* Frameworks */,
				32EB09921E56C4E100652D2D /* Resources */,
			);
			buildRules = (
			);
			dependencies = (
				32EB09971E56C4E100652D2D /* PBXTargetDependency */,
			);
			name = CXGChatTests;
			productName = CXGChatTests;
			productReference = 32EB09941E56C4E100652D2D /* CXGChatTests.xctest */;
			productType = "com.apple.product-type.bundle.unit-test";
		};
/* End PBXNativeTarget section */

/* Begin PBXProject section */
		32EB09821E56C4E000652D2D /* Project object */ = {
			isa = PBXProject;
			attributes = {
				LastUpgradeCheck = 0820;
				ORGANIZATIONNAME = "Lu Jinfei";
				TargetAttributes = {
					32EB098A1E56C4E000652D2D = {
						CreatedOnToolsVersion = 8.2.1;
						ProvisioningStyle = Automatic;
					};
					32EB09931E56C4E100652D2D = {
						CreatedOnToolsVersion = 8.2.1;
						ProvisioningStyle = Automatic;
					};
				};
			};
			buildConfigurationList = 32EB09851E56C4E000652D2D /* Build configuration list for PBXProject "CXGChat" */;
			compatibilityVersion = "Xcode 3.2";
			developmentRegion = English;
			hasScannedForEncodings = 0;
			knownRegions = (
				en,
			);
			mainGroup = 32EB09811E56C4E000652D2D;
			productRefGroup = 32EB098C1E56C4E000652D2D /* Products */;
			projectDirPath = "";
			projectRoot = "";
			targets = (
				32EB098A1E56C4E000652D2D /* CXGChat */,
				32EB09931E56C4E100652D2D /* CXGChatTests */,
			);
		};
/* End PBXProject section */

/* Begin PBXResourcesBuildPhase section */
		32EB09891E56C4E000652D2D /* Resources */ = {
			isa = PBXResourcesBuildPhase;
			buildActionMask = 2147483647;
			files = (
				322209881E5718B900937996 /* ChangeLog in Resources */,
				322207E01E57189000937996 /* json_internalarray.inl in Resources */,
				322207E41E57189000937996 /* json_valueiterator.inl in Resources */,
				32220A461E5718BA00937996 /* zlib.3 in Resources */,
				32220A381E5718B900937996 /* README in Resources */,
				322207D61E57189000937996 /* sconscript in Resources */,
				32EB09C81E56CCB400652D2D /* ReadMe.txt in Resources */,
				32EB09BF1E56CCB400652D2D /* Includes in Resources */,
				3222098A1E5718B900937996 /* configure in Resources */,
				32220A181E5718B900937996 /* INDEX in Resources */,
				32220A211E5718B900937996 /* make_vms.com in Resources */,
				322207E11E57189000937996 /* json_internalmap.inl in Resources */,
				32220A161E5718B900937996 /* FAQ in Resources */,
				322207E61E57189000937996 /* sconscript in Resources */,
				32220A231E5718B900937996 /* Makefile.in in Resources */,
			);
			runOnlyForDeploymentPostprocessing = 0;
		};
		32EB09921E56C4E100652D2D /* Resources */ = {
			isa = PBXResourcesBuildPhase;
			buildActionMask = 2147483647;
			files = (
			);
			runOnlyForDeploymentPostprocessing = 0;
		};
/* End PBXResourcesBuildPhase section */

/* Begin PBXSourcesBuildPhase section */
		32EB09861E56C4E000652D2D /* Sources */ = {
			isa = PBXSourcesBuildPhase;
			buildActionMask = 2147483647;
			files = (
				32220A481E5718BA00937996 /* zutil.c in Sources */,
				32EB09C61E56CCB400652D2D /* RawLink.cpp in Sources */,
				32220A221E5718B900937996 /* Makefile in Sources */,
				32220A091E5718B900937996 /* deflate.c in Sources */,
				32EB09BB1E56CCB400652D2D /* ChatRoom.cpp in Sources */,
				322207E21E57189000937996 /* json_reader.cpp in Sources */,
				32220A1A1E5718B900937996 /* inffast.c in Sources */,
				32220A171E5718B900937996 /* gzio.c in Sources */,
				32220A3B1E5718B900937996 /* uncompr.c in Sources */,
				32220A191E5718B900937996 /* infback.c in Sources */,
				32220A1D1E5718B900937996 /* inflate.c in Sources */,
				322207D51E57189000937996 /* main.cpp in Sources */,
				32EB09BD1E56CCB400652D2D /* cxgChatRoom.cpp in Sources */,
				32EB09CC1E56CCB400652D2D /* Timer.cpp in Sources */,
				32220A071E5718B900937996 /* crc32.c in Sources */,
				32220A4D1E5D407E00937996 /* ChatInterface.mm in Sources */,
				32EB09C21E56CCB400652D2D /* network.cpp in Sources */,
				32EB09C91E56CCB400652D2D /* RefCount.cpp in Sources */,
				32220A1F1E5718B900937996 /* inftrees.c in Sources */,
				322207E51E57189000937996 /* json_writer.cpp in Sources */,
				32EB09C01E56CCB400652D2D /* NetClient.cpp in Sources */,
				322209891E5718B900937996 /* compress.c in Sources */,
				322207E31E57189000937996 /* json_value.cpp in Sources */,
				32220A391E5718B900937996 /* trees.c in Sources */,
				32EB09C41E56CCB400652D2D /* Packet.cpp in Sources */,
				322209801E5718B900937996 /* adler32.c in Sources */,
				32220A501E5D6C6300937996 /* ChatManager.cpp in Sources */,
			);
			runOnlyForDeploymentPostprocessing = 0;
		};
		32EB09901E56C4E100652D2D /* Sources */ = {
			isa = PBXSourcesBuildPhase;
			buildActionMask = 2147483647;
			files = (
				32EB099A1E56C4E100652D2D /* CXGChatTests.m in Sources */,
			);
			runOnlyForDeploymentPostprocessing = 0;
		};
/* End PBXSourcesBuildPhase section */

/* Begin PBXTargetDependency section */
		32EB09971E56C4E100652D2D /* PBXTargetDependency */ = {
			isa = PBXTargetDependency;
			target = 32EB098A1E56C4E000652D2D /* CXGChat */;
			targetProxy = 32EB09961E56C4E100652D2D /* PBXContainerItemProxy */;
		};
/* End PBXTargetDependency section */

/* Begin XCBuildConfiguration section */
		32EB099D1E56C4E100652D2D /* Debug */ = {
			isa = XCBuildConfiguration;
			buildSettings = {
				ALWAYS_SEARCH_USER_PATHS = NO;
				CLANG_ANALYZER_NONNULL = YES;
				CLANG_CXX_LANGUAGE_STANDARD = "gnu++0x";
				CLANG_CXX_LIBRARY = "libc++";
				CLANG_ENABLE_MODULES = YES;
				CLANG_ENABLE_OBJC_ARC = YES;
				CLANG_WARN_BOOL_CONVERSION = YES;
				CLANG_WARN_CONSTANT_CONVERSION = YES;
				CLANG_WARN_DIRECT_OBJC_ISA_USAGE = YES_ERROR;
				CLANG_WARN_DOCUMENTATION_COMMENTS = YES;
				CLANG_WARN_EMPTY_BODY = YES;
				CLANG_WARN_ENUM_CONVERSION = YES;
				CLANG_WARN_INFINITE_RECURSION = YES;
				CLANG_WARN_INT_CONVERSION = YES;
				CLANG_WARN_OBJC_ROOT_CLASS = YES_ERROR;
				CLANG_WARN_SUSPICIOUS_MOVE = YES;
				CLANG_WARN_UNREACHABLE_CODE = YES;
				CLANG_WARN__DUPLICATE_METHOD_MATCH = YES;
				"CODE_SIGN_IDENTITY[sdk=iphoneos*]" = "iPhone Developer";
				COPY_PHASE_STRIP = NO;
				CURRENT_PROJECT_VERSION = 1;
				DEBUG_INFORMATION_FORMAT = dwarf;
				ENABLE_STRICT_OBJC_MSGSEND = YES;
				ENABLE_TESTABILITY = YES;
				GCC_C_LANGUAGE_STANDARD = gnu99;
				GCC_DYNAMIC_NO_PIC = NO;
				GCC_NO_COMMON_BLOCKS = YES;
				GCC_OPTIMIZATION_LEVEL = 0;
				GCC_PREPROCESSOR_DEFINITIONS = (
					"DEBUG=1",
					"$(inherited)",
				);
				GCC_WARN_64_TO_32_BIT_CONVERSION = YES;
				GCC_WARN_ABOUT_RETURN_TYPE = YES_ERROR;
				GCC_WARN_UNDECLARED_SELECTOR = YES;
				GCC_WARN_UNINITIALIZED_AUTOS = YES_AGGRESSIVE;
				GCC_WARN_UNUSED_FUNCTION = YES;
				GCC_WARN_UNUSED_VARIABLE = YES;
				IPHONEOS_DEPLOYMENT_TARGET = 10.2;
				MTL_ENABLE_DEBUG_INFO = YES;
				ONLY_ACTIVE_ARCH = YES;
				SDKROOT = iphoneos;
				TARGETED_DEVICE_FAMILY = "1,2";
				VERSIONING_SYSTEM = "apple-generic";
				VERSION_INFO_PREFIX = "";
			};
			name = Debug;
		};
		32EB099E1E56C4E100652D2D /* Release */ = {
			isa = XCBuildConfiguration;
			buildSettings = {
				ALWAYS_SEARCH_USER_PATHS = NO;
				CLANG_ANALYZER_NONNULL = YES;
				CLANG_CXX_LANGUAGE_STANDARD = "gnu++0x";
				CLANG_CXX_LIBRARY = "libc++";
				CLANG_ENABLE_MODULES = YES;
				CLANG_ENABLE_OBJC_ARC = YES;
				CLANG_WARN_BOOL_CONVERSION = YES;
				CLANG_WARN_CONSTANT_CONVERSION = YES;
				CLANG_WARN_DIRECT_OBJC_ISA_USAGE = YES_ERROR;
				CLANG_WARN_DOCUMENTATION_COMMENTS = YES;
				CLANG_WARN_EMPTY_BODY = YES;
				CLANG_WARN_ENUM_CONVERSION = YES;
				CLANG_WARN_INFINITE_RECURSION = YES;
				CLANG_WARN_INT_CONVERSION = YES;
				CLANG_WARN_OBJC_ROOT_CLASS = YES_ERROR;
				CLANG_WARN_SUSPICIOUS_MOVE = YES;
				CLANG_WARN_UNREACHABLE_CODE = YES;
				CLANG_WARN__DUPLICATE_METHOD_MATCH = YES;
				"CODE_SIGN_IDENTITY[sdk=iphoneos*]" = "iPhone Developer";
				COPY_PHASE_STRIP = NO;
				CURRENT_PROJECT_VERSION = 1;
				DEBUG_INFORMATION_FORMAT = "dwarf-with-dsym";
				ENABLE_NS_ASSERTIONS = NO;
				ENABLE_STRICT_OBJC_MSGSEND = YES;
				GCC_C_LANGUAGE_STANDARD = gnu99;
				GCC_NO_COMMON_BLOCKS = YES;
				GCC_WARN_64_TO_32_BIT_CONVERSION = YES;
				GCC_WARN_ABOUT_RETURN_TYPE = YES_ERROR;
				GCC_WARN_UNDECLARED_SELECTOR = YES;
				GCC_WARN_UNINITIALIZED_AUTOS = YES_AGGRESSIVE;
				GCC_WARN_UNUSED_FUNCTION = YES;
				GCC_WARN_UNUSED_VARIABLE = YES;
				IPHONEOS_DEPLOYMENT_TARGET = 10.2;
				MTL_ENABLE_DEBUG_INFO = NO;
				SDKROOT = iphoneos;
				TARGETED_DEVICE_FAMILY = "1,2";
				VALIDATE_PRODUCT = YES;
				VERSIONING_SYSTEM = "apple-generic";
				VERSION_INFO_PREFIX = "";
			};
			name = Release;
		};
		32EB09A01E56C4E100652D2D /* Debug */ = {
			isa = XCBuildConfiguration;
			buildSettings = {
				ARCHS = "$(ARCHS_STANDARD)";
				CODE_SIGN_IDENTITY = "";
				DEAD_CODE_STRIPPING = NO;
				DEFINES_MODULE = YES;
				DYLIB_COMPATIBILITY_VERSION = 1;
				DYLIB_CURRENT_VERSION = 1;
				DYLIB_INSTALL_NAME_BASE = "@rpath";
				INFOPLIST_FILE = CXGChat/Info.plist;
				INSTALL_PATH = "$(LOCAL_LIBRARY_DIR)/Frameworks";
				IPHONEOS_DEPLOYMENT_TARGET = 9.0;
				LD_RUNPATH_SEARCH_PATHS = "$(inherited) @executable_path/Frameworks @loader_path/Frameworks";
				LIBRARY_SEARCH_PATHS = (
					"$(inherited)",
					"$(PROJECT_DIR)/CXGChat/zlib/lib",
					"$(PROJECT_DIR)/CXGChat/json/lib",
				);
				LINK_WITH_STANDARD_LIBRARIES = NO;
				MACH_O_TYPE = staticlib;
				ONLY_ACTIVE_ARCH = NO;
				PRODUCT_BUNDLE_IDENTIFIER = milu.deer.CXGChat;
				PRODUCT_NAME = "$(TARGET_NAME)";
				SKIP_INSTALL = YES;
				TARGETED_DEVICE_FAMILY = "1,2";
			};
			name = Debug;
		};
		32EB09A11E56C4E100652D2D /* Release */ = {
			isa = XCBuildConfiguration;
			buildSettings = {
				ARCHS = "$(ARCHS_STANDARD)";
				CODE_SIGN_IDENTITY = "";
				DEAD_CODE_STRIPPING = NO;
				DEFINES_MODULE = YES;
				DYLIB_COMPATIBILITY_VERSION = 1;
				DYLIB_CURRENT_VERSION = 1;
				DYLIB_INSTALL_NAME_BASE = "@rpath";
				INFOPLIST_FILE = CXGChat/Info.plist;
				INSTALL_PATH = "$(LOCAL_LIBRARY_DIR)/Frameworks";
				IPHONEOS_DEPLOYMENT_TARGET = 9.0;
				LD_RUNPATH_SEARCH_PATHS = "$(inherited) @executable_path/Frameworks @loader_path/Frameworks";
				LIBRARY_SEARCH_PATHS = (
					"$(inherited)",
					"$(PROJECT_DIR)/CXGChat/zlib/lib",
					"$(PROJECT_DIR)/CXGChat/json/lib",
				);
				LINK_WITH_STANDARD_LIBRARIES = NO;
				MACH_O_TYPE = staticlib;
				PRODUCT_BUNDLE_IDENTIFIER = milu.deer.CXGChat;
				PRODUCT_NAME = "$(TARGET_NAME)";
				SKIP_INSTALL = YES;
				TARGETED_DEVICE_FAMILY = "1,2";
			};
			name = Release;
		};
		32EB09A31E56C4E100652D2D /* Debug */ = {
			isa = XCBuildConfiguration;
			buildSettings = {
				INFOPLIST_FILE = CXGChatTests/Info.plist;
				LD_RUNPATH_SEARCH_PATHS = "$(inherited) @executable_path/Frameworks @loader_path/Frameworks";
				PRODUCT_BUNDLE_IDENTIFIER = milu.deer.CXGChatTests;
				PRODUCT_NAME = "$(TARGET_NAME)";
			};
			name = Debug;
		};
		32EB09A41E56C4E100652D2D /* Release */ = {
			isa = XCBuildConfiguration;
			buildSettings = {
				INFOPLIST_FILE = CXGChatTests/Info.plist;
				LD_RUNPATH_SEARCH_PATHS = "$(inherited) @executable_path/Frameworks @loader_path/Frameworks";
				PRODUCT_BUNDLE_IDENTIFIER = milu.deer.CXGChatTests;
				PRODUCT_NAME = "$(TARGET_NAME)";
			};
			name = Release;
		};
/* End XCBuildConfiguration section */

/* Begin XCConfigurationList section */
		32EB09851E56C4E000652D2D /* Build configuration list for PBXProject "CXGChat" */ = {
			isa = XCConfigurationList;
			buildConfigurations = (
				32EB099D1E56C4E100652D2D /* Debug */,
				32EB099E1E56C4E100652D2D /* Release */,
			);
			defaultConfigurationIsVisible = 0;
			defaultConfigurationName = Release;
		};
		32EB099F1E56C4E100652D2D /* Build configuration list for PBXNativeTarget "CXGChat" */ = {
			isa = XCConfigurationList;
			buildConfigurations = (
				32EB09A01E56C4E100652D2D /* Debug */,
				32EB09A11E56C4E100652D2D /* Release */,
			);
			defaultConfigurationIsVisible = 0;
			defaultConfigurationName = Release;
		};
		32EB09A21E56C4E100652D2D /* Build configuration list for PBXNativeTarget "CXGChatTests" */ = {
			isa = XCConfigurationList;
			buildConfigurations = (
				32EB09A31E56C4E100652D2D /* Debug */,
				32EB09A41E56C4E100652D2D /* Release */,
			);
			defaultConfigurationIsVisible = 0;
			defaultConfigurationName = Release;
		};
/* End XCConfigurationList section */
	};
	rootObject = 32EB09821E56C4E000652D2D /* Project object */;
}
